// !$*UTF8*$!
{
	archiveVersion = 1;
	classes = {
	};
	objectVersion = 55;
	objects = {

/* Begin PBXBuildFile section */
		222949B5285315D7003A2822 /* Util.m in Sources */ = {isa = PBXBuildFile; fileRef = 222949B4285315D6003A2822 /* Util.m */; };
		222949B828531603003A2822 /* EncodedUUID.m in Sources */ = {isa = PBXBuildFile; fileRef = 222949B728531603003A2822 /* EncodedUUID.m */; };
		222949BB28531919003A2822 /* AppleLogin.css in Resources */ = {isa = PBXBuildFile; fileRef = 222949BA28531919003A2822 /* AppleLogin.css */; };
		222949BD28531930003A2822 /* AppleLogin.js in Resources */ = {isa = PBXBuildFile; fileRef = 222949BC28531930003A2822 /* AppleLogin.js */; };
		222949BF285319F6003A2822 /* appleid_button.png in Resources */ = {isa = PBXBuildFile; fileRef = 222949BE285319F6003A2822 /* appleid_button.png */; };
		225275292851839500B1BD9B /* AppDelegate.m in Sources */ = {isa = PBXBuildFile; fileRef = 225275282851839500B1BD9B /* AppDelegate.m */; };
		2252752C2851839500B1BD9B /* SceneDelegate.m in Sources */ = {isa = PBXBuildFile; fileRef = 2252752B2851839500B1BD9B /* SceneDelegate.m */; };
		2252752F2851839500B1BD9B /* ViewController.m in Sources */ = {isa = PBXBuildFile; fileRef = 2252752E2851839500B1BD9B /* ViewController.m */; };
		225275322851839500B1BD9B /* Main.storyboard in Resources */ = {isa = PBXBuildFile; fileRef = 225275302851839500B1BD9B /* Main.storyboard */; };
		225275342851839900B1BD9B /* Assets.xcassets in Resources */ = {isa = PBXBuildFile; fileRef = 225275332851839900B1BD9B /* Assets.xcassets */; };
		225275372851839900B1BD9B /* LaunchScreen.storyboard in Resources */ = {isa = PBXBuildFile; fileRef = 225275352851839900B1BD9B /* LaunchScreen.storyboard */; };
		2252753A2851839900B1BD9B /* main.m in Sources */ = {isa = PBXBuildFile; fileRef = 225275392851839900B1BD9B /* main.m */; };
		225275422851847E00B1BD9B /* AuthenticationServices.framework in Frameworks */ = {isa = PBXBuildFile; fileRef = 225275412851847E00B1BD9B /* AuthenticationServices.framework */; };
		2252754728518D2300B1BD9B /* LoginVC.m in Sources */ = {isa = PBXBuildFile; fileRef = 2252754528518D2300B1BD9B /* LoginVC.m */; };
/* End PBXBuildFile section */

/* Begin PBXFileReference section */
		222949B3285315D6003A2822 /* Util.h */ = {isa = PBXFileReference; fileEncoding = 4; lastKnownFileType = sourcecode.c.h; path = Util.h; sourceTree = "<group>"; };
		222949B4285315D6003A2822 /* Util.m */ = {isa = PBXFileReference; fileEncoding = 4; lastKnownFileType = sourcecode.c.objc; path = Util.m; sourceTree = "<group>"; };
		222949B628531603003A2822 /* EncodedUUID.h */ = {isa = PBXFileReference; fileEncoding = 4; lastKnownFileType = sourcecode.c.h; path = EncodedUUID.h; sourceTree = "<group>"; };
		222949B728531603003A2822 /* EncodedUUID.m */ = {isa = PBXFileReference; fileEncoding = 4; lastKnownFileType = sourcecode.c.objc; path = EncodedUUID.m; sourceTree = "<group>"; };
		222949B9285318A7003A2822 /* appleLogin.html */ = {isa = PBXFileReference; lastKnownFileType = text.html; path = appleLogin.html; sourceTree = "<group>"; };
		222949BA28531919003A2822 /* AppleLogin.css */ = {isa = PBXFileReference; lastKnownFileType = text.css; path = AppleLogin.css; sourceTree = "<group>"; };
		222949BC28531930003A2822 /* AppleLogin.js */ = {isa = PBXFileReference; lastKnownFileType = sourcecode.javascript; path = AppleLogin.js; sourceTree = "<group>"; };
		222949BE285319F6003A2822 /* appleid_button.png */ = {isa = PBXFileReference; lastKnownFileType = image.png; path = appleid_button.png; sourceTree = "<group>"; };
		225275242851839500B1BD9B /* ApppleLogin.app */ = {isa = PBXFileReference; explicitFileType = wrapper.application; includeInIndex = 0; path = ApppleLogin.app; sourceTree = BUILT_PRODUCTS_DIR; };
		225275272851839500B1BD9B /* AppDelegate.h */ = {isa = PBXFileReference; lastKnownFileType = sourcecode.c.h; path = AppDelegate.h; sourceTree = "<group>"; };
		225275282851839500B1BD9B /* AppDelegate.m */ = {isa = PBXFileReference; lastKnownFileType = sourcecode.c.objc; path = AppDelegate.m; sourceTree = "<group>"; };
		2252752A2851839500B1BD9B /* SceneDelegate.h */ = {isa = PBXFileReference; lastKnownFileType = sourcecode.c.h; path = SceneDelegate.h; sourceTree = "<group>"; };
		2252752B2851839500B1BD9B /* SceneDelegate.m */ = {isa = PBXFileReference; lastKnownFileType = sourcecode.c.objc; path = SceneDelegate.m; sourceTree = "<group>"; };
		2252752D2851839500B1BD9B /* ViewController.h */ = {isa = PBXFileReference; lastKnownFileType = sourcecode.c.h; path = ViewController.h; sourceTree = "<group>"; };
		2252752E2851839500B1BD9B /* ViewController.m */ = {isa = PBXFileReference; lastKnownFileType = sourcecode.c.objc; path = ViewController.m; sourceTree = "<group>"; };
		225275312851839500B1BD9B /* Base */ = {isa = PBXFileReference; lastKnownFileType = file.storyboard; name = Base; path = Base.lproj/Main.storyboard; sourceTree = "<group>"; };
		225275332851839900B1BD9B /* Assets.xcassets */ = {isa = PBXFileReference; lastKnownFileType = folder.assetcatalog; path = Assets.xcassets; sourceTree = "<group>"; };
		225275362851839900B1BD9B /* Base */ = {isa = PBXFileReference; lastKnownFileType = file.storyboard; name = Base; path = Base.lproj/LaunchScreen.storyboard; sourceTree = "<group>"; };
		225275382851839900B1BD9B /* Info.plist */ = {isa = PBXFileReference; lastKnownFileType = text.plist.xml; path = Info.plist; sourceTree = "<group>"; };
		225275392851839900B1BD9B /* main.m */ = {isa = PBXFileReference; lastKnownFileType = sourcecode.c.objc; path = main.m; sourceTree = "<group>"; };
		225275412851847E00B1BD9B /* AuthenticationServices.framework */ = {isa = PBXFileReference; lastKnownFileType = wrapper.framework; name = AuthenticationServices.framework; path = System/Library/Frameworks/AuthenticationServices.framework; sourceTree = SDKROOT; };
		225275432851851600B1BD9B /* ApppleLogin.entitlements */ = {isa = PBXFileReference; lastKnownFileType = text.plist.entitlements; path = ApppleLogin.entitlements; sourceTree = "<group>"; };
		2252754428518D2300B1BD9B /* LoginVC.h */ = {isa = PBXFileReference; fileEncoding = 4; lastKnownFileType = sourcecode.c.h; path = LoginVC.h; sourceTree = "<group>"; };
		2252754528518D2300B1BD9B /* LoginVC.m */ = {isa = PBXFileReference; fileEncoding = 4; lastKnownFileType = sourcecode.c.objc; path = LoginVC.m; sourceTree = "<group>"; };
/* End PBXFileReference section */

/* Begin PBXFrameworksBuildPhase section */
		225275212851839500B1BD9B /* Frameworks */ = {
			isa = PBXFrameworksBuildPhase;
			buildActionMask = 2147483647;
			files = (
				225275422851847E00B1BD9B /* AuthenticationServices.framework in Frameworks */,
			);
			runOnlyForDeploymentPostprocessing = 0;
		};
/* End PBXFrameworksBuildPhase section */

/* Begin PBXGroup section */
		2252751B2851839500B1BD9B = {
			isa = PBXGroup;
			children = (
				225275262851839500B1BD9B /* ApppleLogin */,
				225275252851839500B1BD9B /* Products */,
				225275402851847D00B1BD9B /* Frameworks */,
			);
			sourceTree = "<group>";
		};
		225275252851839500B1BD9B /* Products */ = {
			isa = PBXGroup;
			children = (
				225275242851839500B1BD9B /* ApppleLogin.app */,
			);
			name = Products;
			sourceTree = "<group>";
		};
		225275262851839500B1BD9B /* ApppleLogin */ = {
			isa = PBXGroup;
			children = (
				222949BE285319F6003A2822 /* appleid_button.png */,
				225275432851851600B1BD9B /* ApppleLogin.entitlements */,
				225275272851839500B1BD9B /* AppDelegate.h */,
				225275282851839500B1BD9B /* AppDelegate.m */,
				2252752A2851839500B1BD9B /* SceneDelegate.h */,
				2252752B2851839500B1BD9B /* SceneDelegate.m */,
				2252752D2851839500B1BD9B /* ViewController.h */,
				2252752E2851839500B1BD9B /* ViewController.m */,
				2252754428518D2300B1BD9B /* LoginVC.h */,
				2252754528518D2300B1BD9B /* LoginVC.m */,
				222949B628531603003A2822 /* EncodedUUID.h */,
				222949B728531603003A2822 /* EncodedUUID.m */,
				222949B3285315D6003A2822 /* Util.h */,
				222949B4285315D6003A2822 /* Util.m */,
				225275302851839500B1BD9B /* Main.storyboard */,
				225275332851839900B1BD9B /* Assets.xcassets */,
				225275352851839900B1BD9B /* LaunchScreen.storyboard */,
				225275382851839900B1BD9B /* Info.plist */,
				225275392851839900B1BD9B /* main.m */,
				222949B9285318A7003A2822 /* appleLogin.html */,
				222949BA28531919003A2822 /* AppleLogin.css */,
				222949BC28531930003A2822 /* AppleLogin.js */,
			);
			path = ApppleLogin;
			sourceTree = "<group>";
		};
		225275402851847D00B1BD9B /* Frameworks */ = {
			isa = PBXGroup;
			children = (
				225275412851847E00B1BD9B /* AuthenticationServices.framework */,
			);
			name = Frameworks;
			sourceTree = "<group>";
		};
/* End PBXGroup section */

/* Begin PBXNativeTarget section */
		225275232851839500B1BD9B /* ApppleLogin */ = {
			isa = PBXNativeTarget;
			buildConfigurationList = 2252753D2851839900B1BD9B /* Build configuration list for PBXNativeTarget "ApppleLogin" */;
			buildPhases = (
				225275202851839500B1BD9B /* Sources */,
				225275212851839500B1BD9B /* Frameworks */,
				225275222851839500B1BD9B /* Resources */,
			);
			buildRules = (
			);
			dependencies = (
			);
			name = ApppleLogin;
			productName = ApppleLogin;
			productReference = 225275242851839500B1BD9B /* ApppleLogin.app */;
			productType = "com.apple.product-type.application";
		};
/* End PBXNativeTarget section */

/* Begin PBXProject section */
		2252751C2851839500B1BD9B /* Project object */ = {
			isa = PBXProject;
			attributes = {
				BuildIndependentTargetsInParallel = 1;
				LastUpgradeCheck = 1340;
				TargetAttributes = {
					225275232851839500B1BD9B = {
						CreatedOnToolsVersion = 13.4.1;
					};
				};
			};
			buildConfigurationList = 2252751F2851839500B1BD9B /* Build configuration list for PBXProject "ApppleLogin" */;
			compatibilityVersion = "Xcode 13.0";
			developmentRegion = en;
			hasScannedForEncodings = 0;
			knownRegions = (
				en,
				Base,
			);
			mainGroup = 2252751B2851839500B1BD9B;
			productRefGroup = 225275252851839500B1BD9B /* Products */;
			projectDirPath = "";
			projectRoot = "";
			targets = (
				225275232851839500B1BD9B /* ApppleLogin */,
			);
		};
/* End PBXProject section */

/* Begin PBXResourcesBuildPhase section */
		225275222851839500B1BD9B /* Resources */ = {
			isa = PBXResourcesBuildPhase;
			buildActionMask = 2147483647;
			files = (
				222949BB28531919003A2822 /* AppleLogin.css in Resources */,
				225275372851839900B1BD9B /* LaunchScreen.storyboard in Resources */,
				225275342851839900B1BD9B /* Assets.xcassets in Resources */,
				225275322851839500B1BD9B /* Main.storyboard in Resources */,
				222949BF285319F6003A2822 /* appleid_button.png in Resources */,
				222949BD28531930003A2822 /* AppleLogin.js in Resources */,
			);
			runOnlyForDeploymentPostprocessing = 0;
		};
/* End PBXResourcesBuildPhase section */

/* Begin PBXSourcesBuildPhase section */
		225275202851839500B1BD9B /* Sources */ = {
			isa = PBXSourcesBuildPhase;
			buildActionMask = 2147483647;
			files = (
				2252752F2851839500B1BD9B /* ViewController.m in Sources */,
				225275292851839500B1BD9B /* AppDelegate.m in Sources */,
				2252754728518D2300B1BD9B /* LoginVC.m in Sources */,
				2252753A2851839900B1BD9B /* main.m in Sources */,
				2252752C2851839500B1BD9B /* SceneDelegate.m in Sources */,
				222949B828531603003A2822 /* EncodedUUID.m in Sources */,
				222949B5285315D7003A2822 /* Util.m in Sources */,
			);
			runOnlyForDeploymentPostprocessing = 0;
		};
/* End PBXSourcesBuildPhase section */

/* Begin PBXVariantGroup section */
		225275302851839500B1BD9B /* Main.storyboard */ = {
			isa = PBXVariantGroup;
			children = (
				225275312851839500B1BD9B /* Base */,
			);
			name = Main.storyboard;
			sourceTree = "<group>";
		};
		225275352851839900B1BD9B /* LaunchScreen.storyboard */ = {
			isa = PBXVariantGroup;
			children = (
				225275362851839900B1BD9B /* Base */,
			);
			name = LaunchScreen.storyboard;
			sourceTree = "<group>";
		};
/* End PBXVariantGroup section */

/* Begin XCBuildConfiguration section */
		2252753B2851839900B1BD9B /* Debug */ = {
			isa = XCBuildConfiguration;
			buildSettings = {
				ALWAYS_SEARCH_USER_PATHS = NO;
				CLANG_ANALYZER_NONNULL = YES;
				CLANG_ANALYZER_NUMBER_OBJECT_CONVERSION = YES_AGGRESSIVE;
				CLANG_CXX_LANGUAGE_STANDARD = "gnu++17";
				CLANG_ENABLE_MODULES = YES;
				CLANG_ENABLE_OBJC_ARC = YES;
				CLANG_ENABLE_OBJC_WEAK = YES;
				CLANG_WARN_BLOCK_CAPTURE_AUTORELEASING = YES;
				CLANG_WARN_BOOL_CONVERSION = YES;
				CLANG_WARN_COMMA = YES;
				CLANG_WARN_CONSTANT_CONVERSION = YES;
				CLANG_WARN_DEPRECATED_OBJC_IMPLEMENTATIONS = YES;
				CLANG_WARN_DIRECT_OBJC_ISA_USAGE = YES_ERROR;
				CLANG_WARN_DOCUMENTATION_COMMENTS = YES;
				CLANG_WARN_EMPTY_BODY = YES;
				CLANG_WARN_ENUM_CONVERSION = YES;
				CLANG_WARN_INFINITE_RECURSION = YES;
				CLANG_WARN_INT_CONVERSION = YES;
				CLANG_WARN_NON_LITERAL_NULL_CONVERSION = YES;
				CLANG_WARN_OBJC_IMPLICIT_RETAIN_SELF = YES;
				CLANG_WARN_OBJC_LITERAL_CONVERSION = YES;
				CLANG_WARN_OBJC_ROOT_CLASS = YES_ERROR;
				CLANG_WARN_QUOTED_INCLUDE_IN_FRAMEWORK_HEADER = YES;
				CLANG_WARN_RANGE_LOOP_ANALYSIS = YES;
				CLANG_WARN_STRICT_PROTOTYPES = YES;
				CLANG_WARN_SUSPICIOUS_MOVE = YES;
				CLANG_WARN_UNGUARDED_AVAILABILITY = YES_AGGRESSIVE;
				CLANG_WARN_UNREACHABLE_CODE = YES;
				CLANG_WARN__DUPLICATE_METHOD_MATCH = YES;
				COPY_PHASE_STRIP = NO;
				DEBUG_INFORMATION_FORMAT = dwarf;
				ENABLE_STRICT_OBJC_MSGSEND = YES;
				ENABLE_TESTABILITY = YES;
				GCC_C_LANGUAGE_STANDARD = gnu11;
				GCC_DYNAMIC_NO_PIC = NO;
				GCC_NO_COMMON_BLOCKS = YES;
				GCC_OPTIMIZATION_LEVEL = 0;
				GCC_PREPROCESSOR_DEFINITIONS = (
					"DEBUG=1",
					"$(inherited)",
				);
				GCC_WARN_64_TO_32_BIT_CONVERSION = YES;
				GCC_WARN_ABOUT_RETURN_TYPE = YES_ERROR;
				GCC_WARN_UNDECLARED_SELECTOR = YES;
				GCC_WARN_UNINITIALIZED_AUTOS = YES_AGGRESSIVE;
				GCC_WARN_UNUSED_FUNCTION = YES;
				GCC_WARN_UNUSED_VARIABLE = YES;
				IPHONEOS_DEPLOYMENT_TARGET = 15.5;
				MTL_ENABLE_DEBUG_INFO = INCLUDE_SOURCE;
				MTL_FAST_MATH = YES;
				ONLY_ACTIVE_ARCH = YES;
				SDKROOT = iphoneos;
			};
			name = Debug;
		};
		2252753C2851839900B1BD9B /* Release */ = {
			isa = XCBuildConfiguration;
			buildSettings = {
				ALWAYS_SEARCH_USER_PATHS = NO;
				CLANG_ANALYZER_NONNULL = YES;
				CLANG_ANALYZER_NUMBER_OBJECT_CONVERSION = YES_AGGRESSIVE;
				CLANG_CXX_LANGUAGE_STANDARD = "gnu++17";
				CLANG_ENABLE_MODULES = YES;
				CLANG_ENABLE_OBJC_ARC = YES;
				CLANG_ENABLE_OBJC_WEAK = YES;
				CLANG_WARN_BLOCK_CAPTURE_AUTORELEASING = YES;
				CLANG_WARN_BOOL_CONVERSION = YES;
				CLANG_WARN_COMMA = YES;
				CLANG_WARN_CONSTANT_CONVERSION = YES;
				CLANG_WARN_DEPRECATED_OBJC_IMPLEMENTATIONS = YES;
				CLANG_WARN_DIRECT_OBJC_ISA_USAGE = YES_ERROR;
				CLANG_WARN_DOCUMENTATION_COMMENTS = YES;
				CLANG_WARN_EMPTY_BODY = YES;
				CLANG_WARN_ENUM_CONVERSION = YES;
				CLANG_WARN_INFINITE_RECURSION = YES;
				CLANG_WARN_INT_CONVERSION = YES;
				CLANG_WARN_NON_LITERAL_NULL_CONVERSION = YES;
				CLANG_WARN_OBJC_IMPLICIT_RETAIN_SELF = YES;
				CLANG_WARN_OBJC_LITERAL_CONVERSION = YES;
				CLANG_WARN_OBJC_ROOT_CLASS = YES_ERROR;
				CLANG_WARN_QUOTED_INCLUDE_IN_FRAMEWORK_HEADER = YES;
				CLANG_WARN_RANGE_LOOP_ANALYSIS = YES;
				CLANG_WARN_STRICT_PROTOTYPES = YES;
				CLANG_WARN_SUSPICIOUS_MOVE = YES;
				CLANG_WARN_UNGUARDED_AVAILABILITY = YES_AGGRESSIVE;
				CLANG_WARN_UNREACHABLE_CODE = YES;
				CLANG_WARN__DUPLICATE_METHOD_MATCH = YES;
				COPY_PHASE_STRIP = NO;
				DEBUG_INFORMATION_FORMAT = "dwarf-with-dsym";
				ENABLE_NS_ASSERTIONS = NO;
				ENABLE_STRICT_OBJC_MSGSEND = YES;
				GCC_C_LANGUAGE_STANDARD = gnu11;
				GCC_NO_COMMON_BLOCKS = YES;
				GCC_WARN_64_TO_32_BIT_CONVERSION = YES;
				GCC_WARN_ABOUT_RETURN_TYPE = YES_ERROR;
				GCC_WARN_UNDECLARED_SELECTOR = YES;
				GCC_WARN_UNINITIALIZED_AUTOS = YES_AGGRESSIVE;
				GCC_WARN_UNUSED_FUNCTION = YES;
				GCC_WARN_UNUSED_VARIABLE = YES;
				IPHONEOS_DEPLOYMENT_TARGET = 15.5;
				MTL_ENABLE_DEBUG_INFO = NO;
				MTL_FAST_MATH = YES;
				SDKROOT = iphoneos;
				VALIDATE_PRODUCT = YES;
			};
			name = Release;
		};
		2252753E2851839900B1BD9B /* Debug */ = {
			isa = XCBuildConfiguration;
			buildSettings = {
				ASSETCATALOG_COMPILER_APPICON_NAME = AppIcon;
				ASSETCATALOG_COMPILER_GLOBAL_ACCENT_COLOR_NAME = AccentColor;
				CODE_SIGN_ENTITLEMENTS = ApppleLogin/ApppleLogin.entitlements;
				CODE_SIGN_STYLE = Automatic;
				CURRENT_PROJECT_VERSION = 1;
				DEVELOPMENT_TEAM = G4LT9UV7Q7;
				GENERATE_INFOPLIST_FILE = YES;
				INFOPLIST_FILE = ApppleLogin/Info.plist;
				INFOPLIST_KEY_NSMainNibFile = LoginVC;
				INFOPLIST_KEY_UIApplicationSupportsIndirectInputEvents = YES;
				INFOPLIST_KEY_UILaunchStoryboardName = LaunchScreen;
				INFOPLIST_KEY_UISupportedInterfaceOrientations_iPad = "UIInterfaceOrientationPortrait UIInterfaceOrientationPortraitUpsideDown UIInterfaceOrientationLandscapeLeft UIInterfaceOrientationLandscapeRight";
				INFOPLIST_KEY_UISupportedInterfaceOrientations_iPhone = "UIInterfaceOrientationPortrait UIInterfaceOrientationLandscapeLeft UIInterfaceOrientationLandscapeRight";
				IPHONEOS_DEPLOYMENT_TARGET = 14.0;
				LD_RUNPATH_SEARCH_PATHS = (
					"$(inherited)",
					"@executable_path/Frameworks",
				);
				MARKETING_VERSION = 1.0;
				PRODUCT_BUNDLE_IDENTIFIER = com.kyung.ApppleLogin;
				PRODUCT_NAME = "$(TARGET_NAME)";
				SWIFT_EMIT_LOC_STRINGS = YES;
				TARGETED_DEVICE_FAMILY = "1,2";
			};
			name = Debug;
		};
		2252753F2851839900B1BD9B /* Release */ = {
			isa = XCBuildConfiguration;
			buildSettings = {
				ASSETCATALOG_COMPILER_APPICON_NAME = AppIcon;
				ASSETCATALOG_COMPILER_GLOBAL_ACCENT_COLOR_NAME = AccentColor;
				CODE_SIGN_ENTITLEMENTS = ApppleLogin/ApppleLogin.entitlements;
				CODE_SIGN_STYLE = Automatic;
				CURRENT_PROJECT_VERSION = 1;
				DEVELOPMENT_TEAM = G4LT9UV7Q7;
				GENERATE_INFOPLIST_FILE = YES;
				INFOPLIST_FILE = ApppleLogin/Info.plist;
				INFOPLIST_KEY_NSMainNibFile = LoginVC;
				INFOPLIST_KEY_UIApplicationSupportsIndirectInputEvents = YES;
				INFOPLIST_KEY_UILaunchStoryboardName = LaunchScreen;
				INFOPLIST_KEY_UISupportedInterfaceOrientations_iPad = "UIInterfaceOrientationPortrait UIInterfaceOrientationPortraitUpsideDown UIInterfaceOrientationLandscapeLeft UIInterfaceOrientationLandscapeRight";
				INFOPLIST_KEY_UISupportedInterfaceOrientations_iPhone = "UIInterfaceOrientationPortrait UIInterfaceOrientationLandscapeLeft UIInterfaceOrientationLandscapeRight";
				IPHONEOS_DEPLOYMENT_TARGET = 14.0;
				LD_RUNPATH_SEARCH_PATHS = (
					"$(inherited)",
					"@executable_path/Frameworks",
				);
				MARKETING_VERSION = 1.0;
				PRODUCT_BUNDLE_IDENTIFIER = com.kyung.ApppleLogin;
				PRODUCT_NAME = "$(TARGET_NAME)";
				SWIFT_EMIT_LOC_STRINGS = YES;
				TARGETED_DEVICE_FAMILY = "1,2";
			};
			name = Release;
		};
/* End XCBuildConfiguration section */

/* Begin XCConfigurationList section */
		2252751F2851839500B1BD9B /* Build configuration list for PBXProject "ApppleLogin" */ = {
			isa = XCConfigurationList;
			buildConfigurations = (
				2252753B2851839900B1BD9B /* Debug */,
				2252753C2851839900B1BD9B /* Release */,
			);
			defaultConfigurationIsVisible = 0;
			defaultConfigurationName = Release;
		};
		2252753D2851839900B1BD9B /* Build configuration list for PBXNativeTarget "ApppleLogin" */ = {
			isa = XCConfigurationList;
			buildConfigurations = (
				2252753E2851839900B1BD9B /* Debug */,
				2252753F2851839900B1BD9B /* Release */,
			);
			defaultConfigurationIsVisible = 0;
			defaultConfigurationName = Release;
		};
/* End XCConfigurationList section */
	};
	rootObject = 2252751C2851839500B1BD9B /* Project object */;
}
